// !$*UTF8*$!
{
	archiveVersion = 1;
	classes = {
	};
	objectVersion = 50;
	objects = {

/* Begin PBXBuildFile section */
		536BC8D920F40E8100D1FCE4 /* AppDelegate.m in Sources */ = {isa = PBXBuildFile; fileRef = 536BC8D820F40E8100D1FCE4 /* AppDelegate.m */; };
		536BC8DF20F40E8200D1FCE4 /* Main.storyboard in Resources */ = {isa = PBXBuildFile; fileRef = 536BC8DD20F40E8200D1FCE4 /* Main.storyboard */; };
		536BC8E120F40E8300D1FCE4 /* Assets.xcassets in Resources */ = {isa = PBXBuildFile; fileRef = 536BC8E020F40E8300D1FCE4 /* Assets.xcassets */; };
		536BC8E420F40E8300D1FCE4 /* LaunchScreen.storyboard in Resources */ = {isa = PBXBuildFile; fileRef = 536BC8E220F40E8300D1FCE4 /* LaunchScreen.storyboard */; };
		536BC8E720F40E8300D1FCE4 /* main.m in Sources */ = {isa = PBXBuildFile; fileRef = 536BC8E620F40E8300D1FCE4 /* main.m */; };
		536BC8F120F40E8300D1FCE4 /* Instagranny8Tests.m in Sources */ = {isa = PBXBuildFile; fileRef = 536BC8F020F40E8300D1FCE4 /* Instagranny8Tests.m */; };
		536BC8FC20F40E8300D1FCE4 /* Instagranny8UITests.m in Sources */ = {isa = PBXBuildFile; fileRef = 536BC8FB20F40E8300D1FCE4 /* Instagranny8UITests.m */; };
		536BC90B20F413FD00D1FCE4 /* LoginViewController.m in Sources */ = {isa = PBXBuildFile; fileRef = 536BC90A20F413FD00D1FCE4 /* LoginViewController.m */; };
		536BC90E20F418CA00D1FCE4 /* photosViewController.m in Sources */ = {isa = PBXBuildFile; fileRef = 536BC90D20F418CA00D1FCE4 /* photosViewController.m */; };
		536BC91120F429FF00D1FCE4 /* composeViewController.m in Sources */ = {isa = PBXBuildFile; fileRef = 536BC91020F429FF00D1FCE4 /* composeViewController.m */; };
		536BC91A20F4654100D1FCE4 /* Post.m in Sources */ = {isa = PBXBuildFile; fileRef = 536BC91920F4654100D1FCE4 /* Post.m */; };
		536BC92020F4671400D1FCE4 /* PostCell.m in Sources */ = {isa = PBXBuildFile; fileRef = 536BC91F20F4671400D1FCE4 /* PostCell.m */; };
		536BC92320F52E5900D1FCE4 /* DetailsViewController.m in Sources */ = {isa = PBXBuildFile; fileRef = 536BC92220F52E5900D1FCE4 /* DetailsViewController.m */; };
		536BC92520F5637700D1FCE4 /* CoreLocation.framework in Frameworks */ = {isa = PBXBuildFile; fileRef = 536BC92420F5637700D1FCE4 /* CoreLocation.framework */; };
		536BC92A20F6B09400D1FCE4 /* ProfileViewController.m in Sources */ = {isa = PBXBuildFile; fileRef = 536BC92920F6B09400D1FCE4 /* ProfileViewController.m */; };
		536BC92D20F6B32200D1FCE4 /* ProfileCell.m in Sources */ = {isa = PBXBuildFile; fileRef = 536BC92C20F6B32200D1FCE4 /* ProfileCell.m */; };
		BAAE800C3BED84CB40EC569B /* libPods-Instagranny8UITests.a in Frameworks */ = {isa = PBXBuildFile; fileRef = 4B9A0C3FF303395756439418 /* libPods-Instagranny8UITests.a */; };
		BE36C6DE463FA26364931EF5 /* libPods-Instagranny8.a in Frameworks */ = {isa = PBXBuildFile; fileRef = 58AA8F2069DEF91A0DA448D8 /* libPods-Instagranny8.a */; };
		D4463531A31B37424205C364 /* libPods-Instagranny8Tests.a in Frameworks */ = {isa = PBXBuildFile; fileRef = 0A2AE2E2A2005B3389DEEE5A /* libPods-Instagranny8Tests.a */; };
/* End PBXBuildFile section */

/* Begin PBXContainerItemProxy section */
		536BC8ED20F40E8300D1FCE4 /* PBXContainerItemProxy */ = {
			isa = PBXContainerItemProxy;
			containerPortal = 536BC8CC20F40E8100D1FCE4 /* Project object */;
			proxyType = 1;
			remoteGlobalIDString = 536BC8D320F40E8100D1FCE4;
			remoteInfo = Instagranny8;
		};
		536BC8F820F40E8300D1FCE4 /* PBXContainerItemProxy */ = {
			isa = PBXContainerItemProxy;
			containerPortal = 536BC8CC20F40E8100D1FCE4 /* Project object */;
			proxyType = 1;
			remoteGlobalIDString = 536BC8D320F40E8100D1FCE4;
			remoteInfo = Instagranny8;
		};
/* End PBXContainerItemProxy section */

/* Begin PBXFileReference section */
		0A2AE2E2A2005B3389DEEE5A /* libPods-Instagranny8Tests.a */ = {isa = PBXFileReference; explicitFileType = archive.ar; includeInIndex = 0; path = "libPods-Instagranny8Tests.a"; sourceTree = BUILT_PRODUCTS_DIR; };
		1D063ED074EF68292A0A34E5 /* Pods-Instagranny8Tests.debug.xcconfig */ = {isa = PBXFileReference; includeInIndex = 1; lastKnownFileType = text.xcconfig; name = "Pods-Instagranny8Tests.debug.xcconfig"; path = "Pods/Target Support Files/Pods-Instagranny8Tests/Pods-Instagranny8Tests.debug.xcconfig"; sourceTree = "<group>"; };
		25C145CDD20E688546BC93C8 /* Pods-Instagranny8UITests.release.xcconfig */ = {isa = PBXFileReference; includeInIndex = 1; lastKnownFileType = text.xcconfig; name = "Pods-Instagranny8UITests.release.xcconfig"; path = "Pods/Target Support Files/Pods-Instagranny8UITests/Pods-Instagranny8UITests.release.xcconfig"; sourceTree = "<group>"; };
		4B9A0C3FF303395756439418 /* libPods-Instagranny8UITests.a */ = {isa = PBXFileReference; explicitFileType = archive.ar; includeInIndex = 0; path = "libPods-Instagranny8UITests.a"; sourceTree = BUILT_PRODUCTS_DIR; };
		536BC8D420F40E8100D1FCE4 /* Instagranny8.app */ = {isa = PBXFileReference; explicitFileType = wrapper.application; includeInIndex = 0; path = Instagranny8.app; sourceTree = BUILT_PRODUCTS_DIR; };
		536BC8D720F40E8100D1FCE4 /* AppDelegate.h */ = {isa = PBXFileReference; lastKnownFileType = sourcecode.c.h; path = AppDelegate.h; sourceTree = "<group>"; };
		536BC8D820F40E8100D1FCE4 /* AppDelegate.m */ = {isa = PBXFileReference; lastKnownFileType = sourcecode.c.objc; path = AppDelegate.m; sourceTree = "<group>"; };
		536BC8DE20F40E8200D1FCE4 /* Base */ = {isa = PBXFileReference; lastKnownFileType = file.storyboard; name = Base; path = Base.lproj/Main.storyboard; sourceTree = "<group>"; };
		536BC8E020F40E8300D1FCE4 /* Assets.xcassets */ = {isa = PBXFileReference; lastKnownFileType = folder.assetcatalog; path = Assets.xcassets; sourceTree = "<group>"; };
		536BC8E320F40E8300D1FCE4 /* Base */ = {isa = PBXFileReference; lastKnownFileType = file.storyboard; name = Base; path = Base.lproj/LaunchScreen.storyboard; sourceTree = "<group>"; };
		536BC8E520F40E8300D1FCE4 /* Info.plist */ = {isa = PBXFileReference; lastKnownFileType = text.plist.xml; path = Info.plist; sourceTree = "<group>"; };
		536BC8E620F40E8300D1FCE4 /* main.m */ = {isa = PBXFileReference; lastKnownFileType = sourcecode.c.objc; path = main.m; sourceTree = "<group>"; };
		536BC8EC20F40E8300D1FCE4 /* Instagranny8Tests.xctest */ = {isa = PBXFileReference; explicitFileType = wrapper.cfbundle; includeInIndex = 0; path = Instagranny8Tests.xctest; sourceTree = BUILT_PRODUCTS_DIR; };
		536BC8F020F40E8300D1FCE4 /* Instagranny8Tests.m */ = {isa = PBXFileReference; lastKnownFileType = sourcecode.c.objc; path = Instagranny8Tests.m; sourceTree = "<group>"; };
		536BC8F220F40E8300D1FCE4 /* Info.plist */ = {isa = PBXFileReference; lastKnownFileType = text.plist.xml; path = Info.plist; sourceTree = "<group>"; };
		536BC8F720F40E8300D1FCE4 /* Instagranny8UITests.xctest */ = {isa = PBXFileReference; explicitFileType = wrapper.cfbundle; includeInIndex = 0; path = Instagranny8UITests.xctest; sourceTree = BUILT_PRODUCTS_DIR; };
		536BC8FB20F40E8300D1FCE4 /* Instagranny8UITests.m */ = {isa = PBXFileReference; lastKnownFileType = sourcecode.c.objc; path = Instagranny8UITests.m; sourceTree = "<group>"; };
		536BC8FD20F40E8300D1FCE4 /* Info.plist */ = {isa = PBXFileReference; lastKnownFileType = text.plist.xml; path = Info.plist; sourceTree = "<group>"; };
		536BC90920F413FD00D1FCE4 /* LoginViewController.h */ = {isa = PBXFileReference; lastKnownFileType = sourcecode.c.h; path = LoginViewController.h; sourceTree = "<group>"; };
		536BC90A20F413FD00D1FCE4 /* LoginViewController.m */ = {isa = PBXFileReference; lastKnownFileType = sourcecode.c.objc; path = LoginViewController.m; sourceTree = "<group>"; };
		536BC90C20F418CA00D1FCE4 /* photosViewController.h */ = {isa = PBXFileReference; lastKnownFileType = sourcecode.c.h; path = photosViewController.h; sourceTree = "<group>"; };
		536BC90D20F418CA00D1FCE4 /* photosViewController.m */ = {isa = PBXFileReference; lastKnownFileType = sourcecode.c.objc; path = photosViewController.m; sourceTree = "<group>"; };
		536BC90F20F429FF00D1FCE4 /* composeViewController.h */ = {isa = PBXFileReference; lastKnownFileType = sourcecode.c.h; path = composeViewController.h; sourceTree = "<group>"; };
		536BC91020F429FF00D1FCE4 /* composeViewController.m */ = {isa = PBXFileReference; lastKnownFileType = sourcecode.c.objc; path = composeViewController.m; sourceTree = "<group>"; };
		536BC91820F4654100D1FCE4 /* Post.h */ = {isa = PBXFileReference; lastKnownFileType = sourcecode.c.h; path = Post.h; sourceTree = "<group>"; };
		536BC91920F4654100D1FCE4 /* Post.m */ = {isa = PBXFileReference; lastKnownFileType = sourcecode.c.objc; path = Post.m; sourceTree = "<group>"; };
		536BC91E20F4671400D1FCE4 /* PostCell.h */ = {isa = PBXFileReference; lastKnownFileType = sourcecode.c.h; path = PostCell.h; sourceTree = "<group>"; };
		536BC91F20F4671400D1FCE4 /* PostCell.m */ = {isa = PBXFileReference; lastKnownFileType = sourcecode.c.objc; path = PostCell.m; sourceTree = "<group>"; };
		536BC92120F52E5900D1FCE4 /* DetailsViewController.h */ = {isa = PBXFileReference; lastKnownFileType = sourcecode.c.h; path = DetailsViewController.h; sourceTree = "<group>"; };
		536BC92220F52E5900D1FCE4 /* DetailsViewController.m */ = {isa = PBXFileReference; lastKnownFileType = sourcecode.c.objc; path = DetailsViewController.m; sourceTree = "<group>"; };
		536BC92420F5637700D1FCE4 /* CoreLocation.framework */ = {isa = PBXFileReference; lastKnownFileType = wrapper.framework; name = CoreLocation.framework; path = System/Library/Frameworks/CoreLocation.framework; sourceTree = SDKROOT; };
		536BC92820F6B09400D1FCE4 /* ProfileViewController.h */ = {isa = PBXFileReference; lastKnownFileType = sourcecode.c.h; path = ProfileViewController.h; sourceTree = "<group>"; };
		536BC92920F6B09400D1FCE4 /* ProfileViewController.m */ = {isa = PBXFileReference; lastKnownFileType = sourcecode.c.objc; path = ProfileViewController.m; sourceTree = "<group>"; };
		536BC92B20F6B32200D1FCE4 /* ProfileCell.h */ = {isa = PBXFileReference; lastKnownFileType = sourcecode.c.h; path = ProfileCell.h; sourceTree = "<group>"; };
		536BC92C20F6B32200D1FCE4 /* ProfileCell.m */ = {isa = PBXFileReference; lastKnownFileType = sourcecode.c.objc; path = ProfileCell.m; sourceTree = "<group>"; };
		58AA8F2069DEF91A0DA448D8 /* libPods-Instagranny8.a */ = {isa = PBXFileReference; explicitFileType = archive.ar; includeInIndex = 0; path = "libPods-Instagranny8.a"; sourceTree = BUILT_PRODUCTS_DIR; };
		600362E5B7756E404DBF076B /* Pods-Instagranny8.release.xcconfig */ = {isa = PBXFileReference; includeInIndex = 1; lastKnownFileType = text.xcconfig; name = "Pods-Instagranny8.release.xcconfig"; path = "Pods/Target Support Files/Pods-Instagranny8/Pods-Instagranny8.release.xcconfig"; sourceTree = "<group>"; };
		72AB1F83986E2CC3A084260D /* Pods-Instagranny8UITests.debug.xcconfig */ = {isa = PBXFileReference; includeInIndex = 1; lastKnownFileType = text.xcconfig; name = "Pods-Instagranny8UITests.debug.xcconfig"; path = "Pods/Target Support Files/Pods-Instagranny8UITests/Pods-Instagranny8UITests.debug.xcconfig"; sourceTree = "<group>"; };
		C334CEE19509EB70FE1781B2 /* Pods-Instagranny8.debug.xcconfig */ = {isa = PBXFileReference; includeInIndex = 1; lastKnownFileType = text.xcconfig; name = "Pods-Instagranny8.debug.xcconfig"; path = "Pods/Target Support Files/Pods-Instagranny8/Pods-Instagranny8.debug.xcconfig"; sourceTree = "<group>"; };
		C5DCE57F5608409C62126BFA /* Pods-Instagranny8Tests.release.xcconfig */ = {isa = PBXFileReference; includeInIndex = 1; lastKnownFileType = text.xcconfig; name = "Pods-Instagranny8Tests.release.xcconfig"; path = "Pods/Target Support Files/Pods-Instagranny8Tests/Pods-Instagranny8Tests.release.xcconfig"; sourceTree = "<group>"; };
/* End PBXFileReference section */

/* Begin PBXFrameworksBuildPhase section */
		536BC8D120F40E8100D1FCE4 /* Frameworks */ = {
			isa = PBXFrameworksBuildPhase;
			buildActionMask = 2147483647;
			files = (
				536BC92520F5637700D1FCE4 /* CoreLocation.framework in Frameworks */,
				BE36C6DE463FA26364931EF5 /* libPods-Instagranny8.a in Frameworks */,
			);
			runOnlyForDeploymentPostprocessing = 0;
		};
		536BC8E920F40E8300D1FCE4 /* Frameworks */ = {
			isa = PBXFrameworksBuildPhase;
			buildActionMask = 2147483647;
			files = (
				D4463531A31B37424205C364 /* libPods-Instagranny8Tests.a in Frameworks */,
			);
			runOnlyForDeploymentPostprocessing = 0;
		};
		536BC8F420F40E8300D1FCE4 /* Frameworks */ = {
			isa = PBXFrameworksBuildPhase;
			buildActionMask = 2147483647;
			files = (
				BAAE800C3BED84CB40EC569B /* libPods-Instagranny8UITests.a in Frameworks */,
			);
			runOnlyForDeploymentPostprocessing = 0;
		};
/* End PBXFrameworksBuildPhase section */

/* Begin PBXGroup section */
		32B299F6C17DF31E6538E204 /* Frameworks */ = {
			isa = PBXGroup;
			children = (
				536BC92420F5637700D1FCE4 /* CoreLocation.framework */,
				58AA8F2069DEF91A0DA448D8 /* libPods-Instagranny8.a */,
				0A2AE2E2A2005B3389DEEE5A /* libPods-Instagranny8Tests.a */,
				4B9A0C3FF303395756439418 /* libPods-Instagranny8UITests.a */,
			);
			name = Frameworks;
			sourceTree = "<group>";
		};
		536BC8CB20F40E8100D1FCE4 = {
			isa = PBXGroup;
			children = (
				536BC8D620F40E8100D1FCE4 /* Instagranny8 */,
				536BC8EF20F40E8300D1FCE4 /* Instagranny8Tests */,
				536BC8FA20F40E8300D1FCE4 /* Instagranny8UITests */,
				536BC8D520F40E8100D1FCE4 /* Products */,
				6C86F1AE3E81264C45D5022C /* Pods */,
				32B299F6C17DF31E6538E204 /* Frameworks */,
			);
			sourceTree = "<group>";
		};
		536BC8D520F40E8100D1FCE4 /* Products */ = {
			isa = PBXGroup;
			children = (
				536BC8D420F40E8100D1FCE4 /* Instagranny8.app */,
				536BC8EC20F40E8300D1FCE4 /* Instagranny8Tests.xctest */,
				536BC8F720F40E8300D1FCE4 /* Instagranny8UITests.xctest */,
			);
			name = Products;
			sourceTree = "<group>";
		};
		536BC8D620F40E8100D1FCE4 /* Instagranny8 */ = {
			isa = PBXGroup;
			children = (
				536BC8D720F40E8100D1FCE4 /* AppDelegate.h */,
				536BC8D820F40E8100D1FCE4 /* AppDelegate.m */,
				536BC8DD20F40E8200D1FCE4 /* Main.storyboard */,
				536BC8E020F40E8300D1FCE4 /* Assets.xcassets */,
				536BC8E220F40E8300D1FCE4 /* LaunchScreen.storyboard */,
				536BC8E520F40E8300D1FCE4 /* Info.plist */,
				536BC8E620F40E8300D1FCE4 /* main.m */,
				536BC90920F413FD00D1FCE4 /* LoginViewController.h */,
				536BC90A20F413FD00D1FCE4 /* LoginViewController.m */,
				536BC90C20F418CA00D1FCE4 /* photosViewController.h */,
				536BC90D20F418CA00D1FCE4 /* photosViewController.m */,
				536BC90F20F429FF00D1FCE4 /* composeViewController.h */,
				536BC91020F429FF00D1FCE4 /* composeViewController.m */,
				536BC91820F4654100D1FCE4 /* Post.h */,
				536BC91920F4654100D1FCE4 /* Post.m */,
				536BC91E20F4671400D1FCE4 /* PostCell.h */,
				536BC91F20F4671400D1FCE4 /* PostCell.m */,
				536BC92120F52E5900D1FCE4 /* DetailsViewController.h */,
				536BC92220F52E5900D1FCE4 /* DetailsViewController.m */,
				536BC92820F6B09400D1FCE4 /* ProfileViewController.h */,
				536BC92920F6B09400D1FCE4 /* ProfileViewController.m */,
				536BC92B20F6B32200D1FCE4 /* ProfileCell.h */,
				536BC92C20F6B32200D1FCE4 /* ProfileCell.m */,
			);
			path = Instagranny8;
			sourceTree = "<group>";
		};
		536BC8EF20F40E8300D1FCE4 /* Instagranny8Tests */ = {
			isa = PBXGroup;
			children = (
				536BC8F020F40E8300D1FCE4 /* Instagranny8Tests.m */,
				536BC8F220F40E8300D1FCE4 /* Info.plist */,
			);
			path = Instagranny8Tests;
			sourceTree = "<group>";
		};
		536BC8FA20F40E8300D1FCE4 /* Instagranny8UITests */ = {
			isa = PBXGroup;
			children = (
				536BC8FB20F40E8300D1FCE4 /* Instagranny8UITests.m */,
				536BC8FD20F40E8300D1FCE4 /* Info.plist */,
			);
			path = Instagranny8UITests;
			sourceTree = "<group>";
		};
		6C86F1AE3E81264C45D5022C /* Pods */ = {
			isa = PBXGroup;
			children = (
				C334CEE19509EB70FE1781B2 /* Pods-Instagranny8.debug.xcconfig */,
				600362E5B7756E404DBF076B /* Pods-Instagranny8.release.xcconfig */,
				1D063ED074EF68292A0A34E5 /* Pods-Instagranny8Tests.debug.xcconfig */,
				C5DCE57F5608409C62126BFA /* Pods-Instagranny8Tests.release.xcconfig */,
				72AB1F83986E2CC3A084260D /* Pods-Instagranny8UITests.debug.xcconfig */,
				25C145CDD20E688546BC93C8 /* Pods-Instagranny8UITests.release.xcconfig */,
			);
			name = Pods;
			sourceTree = "<group>";
		};
/* End PBXGroup section */

/* Begin PBXNativeTarget section */
		536BC8D320F40E8100D1FCE4 /* Instagranny8 */ = {
			isa = PBXNativeTarget;
			buildConfigurationList = 536BC90020F40E8300D1FCE4 /* Build configuration list for PBXNativeTarget "Instagranny8" */;
			buildPhases = (
				FB3999623D79A07C5A45C192 /* [CP] Check Pods Manifest.lock */,
				536BC8D020F40E8100D1FCE4 /* Sources */,
				536BC8D120F40E8100D1FCE4 /* Frameworks */,
				536BC8D220F40E8100D1FCE4 /* Resources */,
				8AC434974E7897C52E4E59B8 /* [CP] Copy Pods Resources */,
			);
			buildRules = (
			);
			dependencies = (
			);
			name = Instagranny8;
			productName = Instagranny8;
			productReference = 536BC8D420F40E8100D1FCE4 /* Instagranny8.app */;
			productType = "com.apple.product-type.application";
		};
		536BC8EB20F40E8300D1FCE4 /* Instagranny8Tests */ = {
			isa = PBXNativeTarget;
			buildConfigurationList = 536BC90320F40E8300D1FCE4 /* Build configuration list for PBXNativeTarget "Instagranny8Tests" */;
			buildPhases = (
				60D04DF0173C783EF150EAC1 /* [CP] Check Pods Manifest.lock */,
				536BC8E820F40E8300D1FCE4 /* Sources */,
				536BC8E920F40E8300D1FCE4 /* Frameworks */,
				536BC8EA20F40E8300D1FCE4 /* Resources */,
			);
			buildRules = (
			);
			dependencies = (
				536BC8EE20F40E8300D1FCE4 /* PBXTargetDependency */,
			);
			name = Instagranny8Tests;
			productName = Instagranny8Tests;
			productReference = 536BC8EC20F40E8300D1FCE4 /* Instagranny8Tests.xctest */;
			productType = "com.apple.product-type.bundle.unit-test";
		};
		536BC8F620F40E8300D1FCE4 /* Instagranny8UITests */ = {
			isa = PBXNativeTarget;
			buildConfigurationList = 536BC90620F40E8300D1FCE4 /* Build configuration list for PBXNativeTarget "Instagranny8UITests" */;
			buildPhases = (
				62CB6290CB1FC81071953634 /* [CP] Check Pods Manifest.lock */,
				536BC8F320F40E8300D1FCE4 /* Sources */,
				536BC8F420F40E8300D1FCE4 /* Frameworks */,
				536BC8F520F40E8300D1FCE4 /* Resources */,
			);
			buildRules = (
			);
			dependencies = (
				536BC8F920F40E8300D1FCE4 /* PBXTargetDependency */,
			);
			name = Instagranny8UITests;
			productName = Instagranny8UITests;
			productReference = 536BC8F720F40E8300D1FCE4 /* Instagranny8UITests.xctest */;
			productType = "com.apple.product-type.bundle.ui-testing";
		};
/* End PBXNativeTarget section */

/* Begin PBXProject section */
		536BC8CC20F40E8100D1FCE4 /* Project object */ = {
			isa = PBXProject;
			attributes = {
				LastUpgradeCheck = 0940;
				ORGANIZATIONNAME = "Hannah Hsu";
				TargetAttributes = {
					536BC8D320F40E8100D1FCE4 = {
						CreatedOnToolsVersion = 9.4.1;
					};
					536BC8EB20F40E8300D1FCE4 = {
						CreatedOnToolsVersion = 9.4.1;
						TestTargetID = 536BC8D320F40E8100D1FCE4;
					};
					536BC8F620F40E8300D1FCE4 = {
						CreatedOnToolsVersion = 9.4.1;
						TestTargetID = 536BC8D320F40E8100D1FCE4;
					};
				};
			};
			buildConfigurationList = 536BC8CF20F40E8100D1FCE4 /* Build configuration list for PBXProject "Instagranny8" */;
			compatibilityVersion = "Xcode 9.3";
			developmentRegion = en;
			hasScannedForEncodings = 0;
			knownRegions = (
				en,
				Base,
			);
			mainGroup = 536BC8CB20F40E8100D1FCE4;
			productRefGroup = 536BC8D520F40E8100D1FCE4 /* Products */;
			projectDirPath = "";
			projectRoot = "";
			targets = (
				536BC8D320F40E8100D1FCE4 /* Instagranny8 */,
				536BC8EB20F40E8300D1FCE4 /* Instagranny8Tests */,
				536BC8F620F40E8300D1FCE4 /* Instagranny8UITests */,
			);
		};
/* End PBXProject section */

/* Begin PBXResourcesBuildPhase section */
		536BC8D220F40E8100D1FCE4 /* Resources */ = {
			isa = PBXResourcesBuildPhase;
			buildActionMask = 2147483647;
			files = (
				536BC8E420F40E8300D1FCE4 /* LaunchScreen.storyboard in Resources */,
				536BC8E120F40E8300D1FCE4 /* Assets.xcassets in Resources */,
				536BC8DF20F40E8200D1FCE4 /* Main.storyboard in Resources */,
			);
			runOnlyForDeploymentPostprocessing = 0;
		};
		536BC8EA20F40E8300D1FCE4 /* Resources */ = {
			isa = PBXResourcesBuildPhase;
			buildActionMask = 2147483647;
			files = (
			);
			runOnlyForDeploymentPostprocessing = 0;
		};
		536BC8F520F40E8300D1FCE4 /* Resources */ = {
			isa = PBXResourcesBuildPhase;
			buildActionMask = 2147483647;
			files = (
			);
			runOnlyForDeploymentPostprocessing = 0;
		};
/* End PBXResourcesBuildPhase section */

/* Begin PBXShellScriptBuildPhase section */
		60D04DF0173C783EF150EAC1 /* [CP] Check Pods Manifest.lock */ = {
			isa = PBXShellScriptBuildPhase;
			buildActionMask = 2147483647;
			files = (
			);
			inputPaths = (
				"${PODS_PODFILE_DIR_PATH}/Podfile.lock",
				"${PODS_ROOT}/Manifest.lock",
			);
			name = "[CP] Check Pods Manifest.lock";
			outputPaths = (
				"$(DERIVED_FILE_DIR)/Pods-Instagranny8Tests-checkManifestLockResult.txt",
			);
			runOnlyForDeploymentPostprocessing = 0;
			shellPath = /bin/sh;
			shellScript = "diff \"${PODS_PODFILE_DIR_PATH}/Podfile.lock\" \"${PODS_ROOT}/Manifest.lock\" > /dev/null\nif [ $? != 0 ] ; then\n    # print error to STDERR\n    echo \"error: The sandbox is not in sync with the Podfile.lock. Run 'pod install' or update your CocoaPods installation.\" >&2\n    exit 1\nfi\n# This output is used by Xcode 'outputs' to avoid re-running this script phase.\necho \"SUCCESS\" > \"${SCRIPT_OUTPUT_FILE_0}\"\n";
			showEnvVarsInLog = 0;
		};
		62CB6290CB1FC81071953634 /* [CP] Check Pods Manifest.lock */ = {
			isa = PBXShellScriptBuildPhase;
			buildActionMask = 2147483647;
			files = (
			);
			inputPaths = (
				"${PODS_PODFILE_DIR_PATH}/Podfile.lock",
				"${PODS_ROOT}/Manifest.lock",
			);
			name = "[CP] Check Pods Manifest.lock";
			outputPaths = (
				"$(DERIVED_FILE_DIR)/Pods-Instagranny8UITests-checkManifestLockResult.txt",
			);
			runOnlyForDeploymentPostprocessing = 0;
			shellPath = /bin/sh;
			shellScript = "diff \"${PODS_PODFILE_DIR_PATH}/Podfile.lock\" \"${PODS_ROOT}/Manifest.lock\" > /dev/null\nif [ $? != 0 ] ; then\n    # print error to STDERR\n    echo \"error: The sandbox is not in sync with the Podfile.lock. Run 'pod install' or update your CocoaPods installation.\" >&2\n    exit 1\nfi\n# This output is used by Xcode 'outputs' to avoid re-running this script phase.\necho \"SUCCESS\" > \"${SCRIPT_OUTPUT_FILE_0}\"\n";
			showEnvVarsInLog = 0;
		};
		8AC434974E7897C52E4E59B8 /* [CP] Copy Pods Resources */ = {
			isa = PBXShellScriptBuildPhase;
			buildActionMask = 2147483647;
			files = (
			);
			inputPaths = (
				"${SRCROOT}/Pods/Target Support Files/Pods-Instagranny8/Pods-Instagranny8-resources.sh",
				"${PODS_CONFIGURATION_BUILD_DIR}/Parse/Parse.bundle",
			);
			name = "[CP] Copy Pods Resources";
			outputPaths = (
				"${TARGET_BUILD_DIR}/${UNLOCALIZED_RESOURCES_FOLDER_PATH}/Parse.bundle",
			);
			runOnlyForDeploymentPostprocessing = 0;
			shellPath = /bin/sh;
			shellScript = "\"${SRCROOT}/Pods/Target Support Files/Pods-Instagranny8/Pods-Instagranny8-resources.sh\"\n";
			showEnvVarsInLog = 0;
		};
		FB3999623D79A07C5A45C192 /* [CP] Check Pods Manifest.lock */ = {
			isa = PBXShellScriptBuildPhase;
			buildActionMask = 2147483647;
			files = (
			);
			inputPaths = (
				"${PODS_PODFILE_DIR_PATH}/Podfile.lock",
				"${PODS_ROOT}/Manifest.lock",
			);
			name = "[CP] Check Pods Manifest.lock";
			outputPaths = (
				"$(DERIVED_FILE_DIR)/Pods-Instagranny8-checkManifestLockResult.txt",
			);
			runOnlyForDeploymentPostprocessing = 0;
			shellPath = /bin/sh;
			shellScript = "diff \"${PODS_PODFILE_DIR_PATH}/Podfile.lock\" \"${PODS_ROOT}/Manifest.lock\" > /dev/null\nif [ $? != 0 ] ; then\n    # print error to STDERR\n    echo \"error: The sandbox is not in sync with the Podfile.lock. Run 'pod install' or update your CocoaPods installation.\" >&2\n    exit 1\nfi\n# This output is used by Xcode 'outputs' to avoid re-running this script phase.\necho \"SUCCESS\" > \"${SCRIPT_OUTPUT_FILE_0}\"\n";
			showEnvVarsInLog = 0;
		};
/* End PBXShellScriptBuildPhase section */

/* Begin PBXSourcesBuildPhase section */
		536BC8D020F40E8100D1FCE4 /* Sources */ = {
			isa = PBXSourcesBuildPhase;
			buildActionMask = 2147483647;
			files = (
				536BC90B20F413FD00D1FCE4 /* LoginViewController.m in Sources */,
				536BC92A20F6B09400D1FCE4 /* ProfileViewController.m in Sources */,
				536BC91120F429FF00D1FCE4 /* composeViewController.m in Sources */,
				536BC90E20F418CA00D1FCE4 /* photosViewController.m in Sources */,
				536BC8E720F40E8300D1FCE4 /* main.m in Sources */,
				536BC92020F4671400D1FCE4 /* PostCell.m in Sources */,
				536BC8D920F40E8100D1FCE4 /* AppDelegate.m in Sources */,
				536BC91A20F4654100D1FCE4 /* Post.m in Sources */,
				536BC92320F52E5900D1FCE4 /* DetailsViewController.m in Sources */,
				536BC92D20F6B32200D1FCE4 /* ProfileCell.m in Sources */,
			);
			runOnlyForDeploymentPostprocessing = 0;
		};
		536BC8E820F40E8300D1FCE4 /* Sources */ = {
			isa = PBXSourcesBuildPhase;
			buildActionMask = 2147483647;
			files = (
				536BC8F120F40E8300D1FCE4 /* Instagranny8Tests.m in Sources */,
			);
			runOnlyForDeploymentPostprocessing = 0;
		};
		536BC8F320F40E8300D1FCE4 /* Sources */ = {
			isa = PBXSourcesBuildPhase;
			buildActionMask = 2147483647;
			files = (
				536BC8FC20F40E8300D1FCE4 /* Instagranny8UITests.m in Sources */,
			);
			runOnlyForDeploymentPostprocessing = 0;
		};
/* End PBXSourcesBuildPhase section */

/* Begin PBXTargetDependency section */
		536BC8EE20F40E8300D1FCE4 /* PBXTargetDependency */ = {
			isa = PBXTargetDependency;
			target = 536BC8D320F40E8100D1FCE4 /* Instagranny8 */;
			targetProxy = 536BC8ED20F40E8300D1FCE4 /* PBXContainerItemProxy */;
		};
		536BC8F920F40E8300D1FCE4 /* PBXTargetDependency */ = {
			isa = PBXTargetDependency;
			target = 536BC8D320F40E8100D1FCE4 /* Instagranny8 */;
			targetProxy = 536BC8F820F40E8300D1FCE4 /* PBXContainerItemProxy */;
		};
/* End PBXTargetDependency section */

/* Begin PBXVariantGroup section */
		536BC8DD20F40E8200D1FCE4 /* Main.storyboard */ = {
			isa = PBXVariantGroup;
			children = (
				536BC8DE20F40E8200D1FCE4 /* Base */,
			);
			name = Main.storyboard;
			sourceTree = "<group>";
		};
		536BC8E220F40E8300D1FCE4 /* LaunchScreen.storyboard */ = {
			isa = PBXVariantGroup;
			children = (
				536BC8E320F40E8300D1FCE4 /* Base */,
			);
			name = LaunchScreen.storyboard;
			sourceTree = "<group>";
		};
/* End PBXVariantGroup section */

/* Begin XCBuildConfiguration section */
		536BC8FE20F40E8300D1FCE4 /* Debug */ = {
			isa = XCBuildConfiguration;
			buildSettings = {
				ALWAYS_SEARCH_USER_PATHS = NO;
				CLANG_ANALYZER_NONNULL = YES;
				CLANG_ANALYZER_NUMBER_OBJECT_CONVERSION = YES_AGGRESSIVE;
				CLANG_CXX_LANGUAGE_STANDARD = "gnu++14";
				CLANG_CXX_LIBRARY = "libc++";
				CLANG_ENABLE_MODULES = YES;
				CLANG_ENABLE_OBJC_ARC = YES;
				CLANG_ENABLE_OBJC_WEAK = YES;
				CLANG_WARN_BLOCK_CAPTURE_AUTORELEASING = YES;
				CLANG_WARN_BOOL_CONVERSION = YES;
				CLANG_WARN_COMMA = YES;
				CLANG_WARN_CONSTANT_CONVERSION = YES;
				CLANG_WARN_DEPRECATED_OBJC_IMPLEMENTATIONS = YES;
				CLANG_WARN_DIRECT_OBJC_ISA_USAGE = YES_ERROR;
				CLANG_WARN_DOCUMENTATION_COMMENTS = YES;
				CLANG_WARN_EMPTY_BODY = YES;
				CLANG_WARN_ENUM_CONVERSION = YES;
				CLANG_WARN_INFINITE_RECURSION = YES;
				CLANG_WARN_INT_CONVERSION = YES;
				CLANG_WARN_NON_LITERAL_NULL_CONVERSION = YES;
				CLANG_WARN_OBJC_IMPLICIT_RETAIN_SELF = YES;
				CLANG_WARN_OBJC_LITERAL_CONVERSION = YES;
				CLANG_WARN_OBJC_ROOT_CLASS = YES_ERROR;
				CLANG_WARN_RANGE_LOOP_ANALYSIS = YES;
				CLANG_WARN_STRICT_PROTOTYPES = YES;
				CLANG_WARN_SUSPICIOUS_MOVE = YES;
				CLANG_WARN_UNGUARDED_AVAILABILITY = YES_AGGRESSIVE;
				CLANG_WARN_UNREACHABLE_CODE = YES;
				CLANG_WARN__DUPLICATE_METHOD_MATCH = YES;
				CODE_SIGN_IDENTITY = "iPhone Developer";
				COPY_PHASE_STRIP = NO;
				DEBUG_INFORMATION_FORMAT = dwarf;
				ENABLE_STRICT_OBJC_MSGSEND = YES;
				ENABLE_TESTABILITY = YES;
				GCC_C_LANGUAGE_STANDARD = gnu11;
				GCC_DYNAMIC_NO_PIC = NO;
				GCC_NO_COMMON_BLOCKS = YES;
				GCC_OPTIMIZATION_LEVEL = 0;
				GCC_PREPROCESSOR_DEFINITIONS = (
					"DEBUG=1",
					"$(inherited)",
				);
				GCC_WARN_64_TO_32_BIT_CONVERSION = YES;
				GCC_WARN_ABOUT_RETURN_TYPE = YES_ERROR;
				GCC_WARN_UNDECLARED_SELECTOR = YES;
				GCC_WARN_UNINITIALIZED_AUTOS = YES_AGGRESSIVE;
				GCC_WARN_UNUSED_FUNCTION = YES;
				GCC_WARN_UNUSED_VARIABLE = YES;
				IPHONEOS_DEPLOYMENT_TARGET = 11.4;
				MTL_ENABLE_DEBUG_INFO = YES;
				ONLY_ACTIVE_ARCH = YES;
				SDKROOT = iphoneos;
			};
			name = Debug;
		};
		536BC8FF20F40E8300D1FCE4 /* Release */ = {
			isa = XCBuildConfiguration;
			buildSettings = {
				ALWAYS_SEARCH_USER_PATHS = NO;
				CLANG_ANALYZER_NONNULL = YES;
				CLANG_ANALYZER_NUMBER_OBJECT_CONVERSION = YES_AGGRESSIVE;
				CLANG_CXX_LANGUAGE_STANDARD = "gnu++14";
				CLANG_CXX_LIBRARY = "libc++";
				CLANG_ENABLE_MODULES = YES;
				CLANG_ENABLE_OBJC_ARC = YES;
				CLANG_ENABLE_OBJC_WEAK = YES;
				CLANG_WARN_BLOCK_CAPTURE_AUTORELEASING = YES;
				CLANG_WARN_BOOL_CONVERSION = YES;
				CLANG_WARN_COMMA = YES;
				CLANG_WARN_CONSTANT_CONVERSION = YES;
				CLANG_WARN_DEPRECATED_OBJC_IMPLEMENTATIONS = YES;
				CLANG_WARN_DIRECT_OBJC_ISA_USAGE = YES_ERROR;
				CLANG_WARN_DOCUMENTATION_COMMENTS = YES;
				CLANG_WARN_EMPTY_BODY = YES;
				CLANG_WARN_ENUM_CONVERSION = YES;
				CLANG_WARN_INFINITE_RECURSION = YES;
				CLANG_WARN_INT_CONVERSION = YES;
				CLANG_WARN_NON_LITERAL_NULL_CONVERSION = YES;
				CLANG_WARN_OBJC_IMPLICIT_RETAIN_SELF = YES;
				CLANG_WARN_OBJC_LITERAL_CONVERSION = YES;
				CLANG_WARN_OBJC_ROOT_CLASS = YES_ERROR;
				CLANG_WARN_RANGE_LOOP_ANALYSIS = YES;
				CLANG_WARN_STRICT_PROTOTYPES = YES;
				CLANG_WARN_SUSPICIOUS_MOVE = YES;
				CLANG_WARN_UNGUARDED_AVAILABILITY = YES_AGGRESSIVE;
				CLANG_WARN_UNREACHABLE_CODE = YES;
				CLANG_WARN__DUPLICATE_METHOD_MATCH = YES;
				CODE_SIGN_IDENTITY = "iPhone Developer";
				COPY_PHASE_STRIP = NO;
				DEBUG_INFORMATION_FORMAT = "dwarf-with-dsym";
				ENABLE_NS_ASSERTIONS = NO;
				ENABLE_STRICT_OBJC_MSGSEND = YES;
				GCC_C_LANGUAGE_STANDARD = gnu11;
				GCC_NO_COMMON_BLOCKS = YES;
				GCC_WARN_64_TO_32_BIT_CONVERSION = YES;
				GCC_WARN_ABOUT_RETURN_TYPE = YES_ERROR;
				GCC_WARN_UNDECLARED_SELECTOR = YES;
				GCC_WARN_UNINITIALIZED_AUTOS = YES_AGGRESSIVE;
				GCC_WARN_UNUSED_FUNCTION = YES;
				GCC_WARN_UNUSED_VARIABLE = YES;
				IPHONEOS_DEPLOYMENT_TARGET = 11.4;
				MTL_ENABLE_DEBUG_INFO = NO;
				SDKROOT = iphoneos;
				VALIDATE_PRODUCT = YES;
			};
			name = Release;
		};
		536BC90120F40E8300D1FCE4 /* Debug */ = {
			isa = XCBuildConfiguration;
			baseConfigurationReference = C334CEE19509EB70FE1781B2 /* Pods-Instagranny8.debug.xcconfig */;
			buildSettings = {
				ASSETCATALOG_COMPILER_APPICON_NAME = AppIcon;
				CODE_SIGN_STYLE = Automatic;
				DEVELOPMENT_TEAM = 6RN4LVMY9S;
				INFOPLIST_FILE = Instagranny8/Info.plist;
				LD_RUNPATH_SEARCH_PATHS = (
					"$(inherited)",
					"@executable_path/Frameworks",
				);
				PRODUCT_BUNDLE_IDENTIFIER = com.hannahhsu977.Instagranny8;
				PRODUCT_NAME = "$(TARGET_NAME)";
				TARGETED_DEVICE_FAMILY = "1,2";
			};
			name = Debug;
		};
		536BC90220F40E8300D1FCE4 /* Release */ = {
			isa = XCBuildConfiguration;
			baseConfigurationReference = 600362E5B7756E404DBF076B /* Pods-Instagranny8.release.xcconfig */;
			buildSettings = {
				ASSETCATALOG_COMPILER_APPICON_NAME = AppIcon;
				CODE_SIGN_STYLE = Automatic;
				DEVELOPMENT_TEAM = 6RN4LVMY9S;
				INFOPLIST_FILE = Instagranny8/Info.plist;
				LD_RUNPATH_SEARCH_PATHS = (
					"$(inherited)",
					"@executable_path/Frameworks",
				);
				PRODUCT_BUNDLE_IDENTIFIER = com.hannahhsu977.Instagranny8;
				PRODUCT_NAME = "$(TARGET_NAME)";
				TARGETED_DEVICE_FAMILY = "1,2";
			};
			name = Release;
		};
		536BC90420F40E8300D1FCE4 /* Debug */ = {
			isa = XCBuildConfiguration;
			baseConfigurationReference = 1D063ED074EF68292A0A34E5 /* Pods-Instagranny8Tests.debug.xcconfig */;
			buildSettings = {
				BUNDLE_LOADER = "$(TEST_HOST)";
				CODE_SIGN_STYLE = Automatic;
				INFOPLIST_FILE = Instagranny8Tests/Info.plist;
				LD_RUNPATH_SEARCH_PATHS = (
					"$(inherited)",
					"@executable_path/Frameworks",
					"@loader_path/Frameworks",
				);
				PRODUCT_BUNDLE_IDENTIFIER = com.hannahhsu977.Instagranny8Tests;
				PRODUCT_NAME = "$(TARGET_NAME)";
				TARGETED_DEVICE_FAMILY = "1,2";
				TEST_HOST = "$(BUILT_PRODUCTS_DIR)/Instagranny8.app/Instagranny8";
			};
			name = Debug;
		};
		536BC90520F40E8300D1FCE4 /* Release */ = {
			isa = XCBuildConfiguration;
			baseConfigurationReference = C5DCE57F5608409C62126BFA /* Pods-Instagranny8Tests.release.xcconfig */;
			buildSettings = {
				BUNDLE_LOADER = "$(TEST_HOST)";
				CODE_SIGN_STYLE = Automatic;
				INFOPLIST_FILE = Instagranny8Tests/Info.plist;
				LD_RUNPATH_SEARCH_PATHS = (
					"$(inherited)",
					"@executable_path/Frameworks",
					"@loader_path/Frameworks",
				);
				PRODUCT_BUNDLE_IDENTIFIER = com.hannahhsu977.Instagranny8Tests;
				PRODUCT_NAME = "$(TARGET_NAME)";
				TARGETED_DEVICE_FAMILY = "1,2";
				TEST_HOST = "$(BUILT_PRODUCTS_DIR)/Instagranny8.app/Instagranny8";
			};
			name = Release;
		};
		536BC90720F40E8300D1FCE4 /* Debug */ = {
			isa = XCBuildConfiguration;
			baseConfigurationReference = 72AB1F83986E2CC3A084260D /* Pods-Instagranny8UITests.debug.xcconfig */;
			buildSettings = {
				CODE_SIGN_STYLE = Automatic;
				INFOPLIST_FILE = Instagranny8UITests/Info.plist;
				LD_RUNPATH_SEARCH_PATHS = (
					"$(inherited)",
					"@executable_path/Frameworks",
					"@loader_path/Frameworks",
				);
				PRODUCT_BUNDLE_IDENTIFIER = com.hannahhsu977.Instagranny8UITests;
				PRODUCT_NAME = "$(TARGET_NAME)";
				TARGETED_DEVICE_FAMILY = "1,2";
				TEST_TARGET_NAME = Instagranny8;
			};
			name = Debug;
		};
		536BC90820F40E8300D1FCE4 /* Release */ = {
			isa = XCBuildConfiguration;
			baseConfigurationReference = 25C145CDD20E688546BC93C8 /* Pods-Instagranny8UITests.release.xcconfig */;
			buildSettings = {
				CODE_SIGN_STYLE = Automatic;
				INFOPLIST_FILE = Instagranny8UITests/Info.plist;
				LD_RUNPATH_SEARCH_PATHS = (
					"$(inherited)",
					"@executable_path/Frameworks",
					"@loader_path/Frameworks",
				);
				PRODUCT_BUNDLE_IDENTIFIER = com.hannahhsu977.Instagranny8UITests;
				PRODUCT_NAME = "$(TARGET_NAME)";
				TARGETED_DEVICE_FAMILY = "1,2";
				TEST_TARGET_NAME = Instagranny8;
			};
			name = Release;
		};
/* End XCBuildConfiguration section */

/* Begin XCConfigurationList section */
		536BC8CF20F40E8100D1FCE4 /* Build configuration list for PBXProject "Instagranny8" */ = {
			isa = XCConfigurationList;
			buildConfigurations = (
				536BC8FE20F40E8300D1FCE4 /* Debug */,
				536BC8FF20F40E8300D1FCE4 /* Release */,
			);
			defaultConfigurationIsVisible = 0;
			defaultConfigurationName = Release;
		};
		536BC90020F40E8300D1FCE4 /* Build configuration list for PBXNativeTarget "Instagranny8" */ = {
			isa = XCConfigurationList;
			buildConfigurations = (
				536BC90120F40E8300D1FCE4 /* Debug */,
				536BC90220F40E8300D1FCE4 /* Release */,
			);
			defaultConfigurationIsVisible = 0;
			defaultConfigurationName = Release;
		};
		536BC90320F40E8300D1FCE4 /* Build configuration list for PBXNativeTarget "Instagranny8Tests" */ = {
			isa = XCConfigurationList;
			buildConfigurations = (
				536BC90420F40E8300D1FCE4 /* Debug */,
				536BC90520F40E8300D1FCE4 /* Release */,
			);
			defaultConfigurationIsVisible = 0;
			defaultConfigurationName = Release;
		};
		536BC90620F40E8300D1FCE4 /* Build configuration list for PBXNativeTarget "Instagranny8UITests" */ = {
			isa = XCConfigurationList;
			buildConfigurations = (
				536BC90720F40E8300D1FCE4 /* Debug */,
				536BC90820F40E8300D1FCE4 /* Release */,
			);
			defaultConfigurationIsVisible = 0;
			defaultConfigurationName = Release;
		};
/* End XCConfigurationList section */
	};
	rootObject = 536BC8CC20F40E8100D1FCE4 /* Project object */;
}
